
Microsoft Visual Studio Solution File, Format Version 12.00
# Visual Studio Version 17
VisualStudioVersion = 17.7.34202.233
MinimumVisualStudioVersion = 10.0.40219.1
Project("{2150E333-8FDC-42A3-9474-1A3956D46DE8}") = "src", "src", "{6984DAFD-3516-4B63-AC15-70E470788EA6}"
EndProject
Project("{9A19103F-16F7-4668-BE54-9A1E7A4F7556}") = "ReminderApp.Api", "src\ReminderApp.Api\ReminderApp.Api.csproj", "{7E3F0239-582D-48FC-A470-7AB23D2DE61E}"
EndProject
Project("{9A19103F-16F7-4668-BE54-9A1E7A4F7556}") = "ReminderApp.Application", "src\ReminderApp.Application\ReminderApp.Application.csproj", "{4F4D90B5-CAC0-4025-9809-A485B6FD16FA}"
EndProject
Project("{9A19103F-16F7-4668-BE54-9A1E7A4F7556}") = "ReminderApp.Domain", "src\ReminderApp.Domain\ReminderApp.Domain.csproj", "{7E2F9E94-ED40-4D86-B10D-0857CC5046B2}"
EndProject
Project("{9A19103F-16F7-4668-BE54-9A1E7A4F7556}") = "ReminderApp.Infrastructure", "src\ReminderApp.Infrastructure\ReminderApp.Infrastructure.csproj", "{0429157E-82A8-4457-B373-F72AC6BC0E58}"
EndProject
Project("{9A19103F-16F7-4668-BE54-9A1E7A4F7556}") = "ReminderApp.Persistence", "src\ReminderApp.Persistence\ReminderApp.Persistence.csproj", "{C7E50E59-4F53-4230-AA01-D257A692E342}"
EndProject
Project("{2150E333-8FDC-42A3-9474-1A3956D46DE8}") = "Logs", "Logs", "{3838CB7B-3EB9-4C4F-856B-3BC0E9C17034}"
EndProject
Project("{2150E333-8FDC-42A3-9474-1A3956D46DE8}") = "Tests", "Tests", "{B9B663CB-C386-46E3-92A1-F5C0D96D71FF}"
EndProject
Project("{FAE04EC0-301F-11D3-BF4B-00C04F79EFBC}") = "Test.Api", "src\Tests\Test.Api\Test.Api.csproj", "{1C61BA4C-F8AA-4F49-AC77-7F34C3460005}"
EndProject
Global
	GlobalSection(SolutionConfigurationPlatforms) = preSolution
		Debug|Any CPU = Debug|Any CPU
		Release|Any CPU = Release|Any CPU
	EndGlobalSection
	GlobalSection(ProjectConfigurationPlatforms) = postSolution
		{7E3F0239-582D-48FC-A470-7AB23D2DE61E}.Debug|Any CPU.ActiveCfg = Debug|Any CPU
		{7E3F0239-582D-48FC-A470-7AB23D2DE61E}.Debug|Any CPU.Build.0 = Debug|Any CPU
		{7E3F0239-582D-48FC-A470-7AB23D2DE61E}.Release|Any CPU.ActiveCfg = Release|Any CPU
		{7E3F0239-582D-48FC-A470-7AB23D2DE61E}.Release|Any CPU.Build.0 = Release|Any CPU
		{4F4D90B5-CAC0-4025-9809-A485B6FD16FA}.Debug|Any CPU.ActiveCfg = Debug|Any CPU
		{4F4D90B5-CAC0-4025-9809-A485B6FD16FA}.Debug|Any CPU.Build.0 = Debug|Any CPU
		{4F4D90B5-CAC0-4025-9809-A485B6FD16FA}.Release|Any CPU.ActiveCfg = Release|Any CPU
		{4F4D90B5-CAC0-4025-9809-A485B6FD16FA}.Release|Any CPU.Build.0 = Release|Any CPU
		{7E2F9E94-ED40-4D86-B10D-0857CC5046B2}.Debug|Any CPU.ActiveCfg = Debug|Any CPU
		{7E2F9E94-ED40-4D86-B10D-0857CC5046B2}.Debug|Any CPU.Build.0 = Debug|Any CPU
		{7E2F9E94-ED40-4D86-B10D-0857CC5046B2}.Release|Any CPU.ActiveCfg = Release|Any CPU
		{7E2F9E94-ED40-4D86-B10D-0857CC5046B2}.Release|Any CPU.Build.0 = Release|Any CPU
		{0429157E-82A8-4457-B373-F72AC6BC0E58}.Debug|Any CPU.ActiveCfg = Debug|Any CPU
		{0429157E-82A8-4457-B373-F72AC6BC0E58}.Debug|Any CPU.Build.0 = Debug|Any CPU
		{0429157E-82A8-4457-B373-F72AC6BC0E58}.Release|Any CPU.ActiveCfg = Release|Any CPU
		{0429157E-82A8-4457-B373-F72AC6BC0E58}.Release|Any CPU.Build.0 = Release|Any CPU
		{C7E50E59-4F53-4230-AA01-D257A692E342}.Debug|Any CPU.ActiveCfg = Debug|Any CPU
		{C7E50E59-4F53-4230-AA01-D257A692E342}.Debug|Any CPU.Build.0 = Debug|Any CPU
		{C7E50E59-4F53-4230-AA01-D257A692E342}.Release|Any CPU.ActiveCfg = Release|Any CPU
		{C7E50E59-4F53-4230-AA01-D257A692E342}.Release|Any CPU.Build.0 = Release|Any CPU
		{1C61BA4C-F8AA-4F49-AC77-7F34C3460005}.Debug|Any CPU.ActiveCfg = Debug|Any CPU
		{1C61BA4C-F8AA-4F49-AC77-7F34C3460005}.Debug|Any CPU.Build.0 = Debug|Any CPU
		{1C61BA4C-F8AA-4F49-AC77-7F34C3460005}.Release|Any CPU.ActiveCfg = Release|Any CPU
		{1C61BA4C-F8AA-4F49-AC77-7F34C3460005}.Release|Any CPU.Build.0 = Release|Any CPU
	EndGlobalSection
	GlobalSection(SolutionProperties) = preSolution
		HideSolutionNode = FALSE
	EndGlobalSection
	GlobalSection(NestedProjects) = preSolution
		{7E3F0239-582D-48FC-A470-7AB23D2DE61E} = {6984DAFD-3516-4B63-AC15-70E470788EA6}
		{4F4D90B5-CAC0-4025-9809-A485B6FD16FA} = {6984DAFD-3516-4B63-AC15-70E470788EA6}
		{7E2F9E94-ED40-4D86-B10D-0857CC5046B2} = {6984DAFD-3516-4B63-AC15-70E470788EA6}
		{0429157E-82A8-4457-B373-F72AC6BC0E58} = {6984DAFD-3516-4B63-AC15-70E470788EA6}
		{C7E50E59-4F53-4230-AA01-D257A692E342} = {6984DAFD-3516-4B63-AC15-70E470788EA6}
		{3838CB7B-3EB9-4C4F-856B-3BC0E9C17034} = {6984DAFD-3516-4B63-AC15-70E470788EA6}
		{B9B663CB-C386-46E3-92A1-F5C0D96D71FF} = {6984DAFD-3516-4B63-AC15-70E470788EA6}
		{1C61BA4C-F8AA-4F49-AC77-7F34C3460005} = {B9B663CB-C386-46E3-92A1-F5C0D96D71FF}
	EndGlobalSection
	GlobalSection(ExtensibilityGlobals) = postSolution
		SolutionGuid = {55C4A7C3-8CB6-4E19-B6E8-D9573E321D05}
	EndGlobalSection
EndGlobal
